
Microsoft Visual Studio Solution File, Format Version 12.00
# Visual Studio Version 17
VisualStudioVersion = 17.5.33516.290
MinimumVisualStudioVersion = 10.0.40219.1
Project("{9A19103F-16F7-4668-BE54-9A1E7A4F7556}") = "MakeUILib", "MakeUILib\MakeUILib.csproj", "{C35D3FD9-79BF-4FB2-9970-E57A199BFB5A}"
EndProject
Project("{FAE04EC0-301F-11D3-BF4B-00C04F79EFBC}") = "Experiments", "Experiments\Experiments.csproj", "{FA5BDEC8-994B-4CEB-A233-663CB48A37EC}"
EndProject
Global
	GlobalSection(SolutionConfigurationPlatforms) = preSolution
		Debug|Any CPU = Debug|Any CPU
		Release|Any CPU = Release|Any CPU
	EndGlobalSection
	GlobalSection(ProjectConfigurationPlatforms) = postSolution
		{C35D3FD9-79BF-4FB2-9970-E57A199BFB5A}.Debug|Any CPU.ActiveCfg = Debug|Any CPU
		{C35D3FD9-79BF-4FB2-9970-E57A199BFB5A}.Debug|Any CPU.Build.0 = Debug|Any CPU
		{C35D3FD9-79BF-4FB2-9970-E57A199BFB5A}.Release|Any CPU.ActiveCfg = Release|Any CPU
		{C35D3FD9-79BF-4FB2-9970-E57A199BFB5A}.Release|Any CPU.Build.0 = Release|Any CPU
		{FA5BDEC8-994B-4CEB-A233-663CB48A37EC}.Debug|Any CPU.ActiveCfg = Debug|Any CPU
		{FA5BDEC8-994B-4CEB-A233-663CB48A37EC}.Debug|Any CPU.Build.0 = Debug|Any CPU
		{FA5BDEC8-994B-4CEB-A233-663CB48A37EC}.Release|Any CPU.ActiveCfg = Release|Any CPU
		{FA5BDEC8-994B-4CEB-A233-663CB48A37EC}.Release|Any CPU.Build.0 = Release|Any CPU
	EndGlobalSection
	GlobalSection(SolutionProperties) = preSolution
		HideSolutionNode = FALSE
	EndGlobalSection
	GlobalSection(ExtensibilityGlobals) = postSolution
		SolutionGuid = {0DE500F6-33E5-4A0F-80E9-53ECF3A92806}
	EndGlobalSection
EndGlobal
